// !$*UTF8*$!
{
	archiveVersion = 1;
	classes = {
	};
	objectVersion = 46;
	objects = {

/* Begin PBXBuildFile section */
		306732CF1652E82500F242E7 /* AddressBook.framework in Frameworks */ = {isa = PBXBuildFile; fileRef = 306732C81652E82500F242E7 /* AddressBook.framework */; };
		306732D01652E82500F242E7 /* AddressBookUI.framework in Frameworks */ = {isa = PBXBuildFile; fileRef = 306732C91652E82500F242E7 /* AddressBookUI.framework */; };
		306732D11652E82500F242E7 /* AudioToolbox.framework in Frameworks */ = {isa = PBXBuildFile; fileRef = 306732CA1652E82500F242E7 /* AudioToolbox.framework */; };
		306732D21652E82500F242E7 /* AVFoundation.framework in Frameworks */ = {isa = PBXBuildFile; fileRef = 306732CB1652E82500F242E7 /* AVFoundation.framework */; };
		306732D31652E82500F242E7 /* CoreMedia.framework in Frameworks */ = {isa = PBXBuildFile; fileRef = 306732CC1652E82500F242E7 /* CoreMedia.framework */; };
		306732D41652E82500F242E7 /* CoreVideo.framework in Frameworks */ = {isa = PBXBuildFile; fileRef = 306732CD1652E82500F242E7 /* CoreVideo.framework */; };
		306732D51652E82500F242E7 /* libiconv.dylib in Frameworks */ = {isa = PBXBuildFile; fileRef = 306732CE1652E82500F242E7 /* libiconv.dylib */; };
		3078F109164AEA780064B3D3 /* scan.png in Resources */ = {isa = PBXBuildFile; fileRef = 3078F108164AEA780064B3D3 /* scan.png */; };
		3078F10F164AEF940064B3D3 /* lastitemsviewed.png in Resources */ = {isa = PBXBuildFile; fileRef = 3078F10E164AEF940064B3D3 /* lastitemsviewed.png */; };
		3078F111164AF47B0064B3D3 /* settings.png in Resources */ = {isa = PBXBuildFile; fileRef = 3078F110164AF47B0064B3D3 /* settings.png */; };
		3078F113164AF5BD0064B3D3 /* ScanQrCodeView.xib in Resources */ = {isa = PBXBuildFile; fileRef = 3078F112164AF5BD0064B3D3 /* ScanQrCodeView.xib */; };
		3078F116164AF77F0064B3D3 /* MainViewController.m in Sources */ = {isa = PBXBuildFile; fileRef = 3078F115164AF77F0064B3D3 /* MainViewController.m */; };
		308296F0166E8F530077FD6A /* logo.png in Resources */ = {isa = PBXBuildFile; fileRef = 308296EF166E8F530077FD6A /* logo.png */; };
		30A778FA161BCA7200443CE4 /* UIKit.framework in Frameworks */ = {isa = PBXBuildFile; fileRef = 30A778F9161BCA7200443CE4 /* UIKit.framework */; };
		30A778FC161BCA7200443CE4 /* Foundation.framework in Frameworks */ = {isa = PBXBuildFile; fileRef = 30A778FB161BCA7200443CE4 /* Foundation.framework */; };
		30A778FE161BCA7200443CE4 /* CoreGraphics.framework in Frameworks */ = {isa = PBXBuildFile; fileRef = 30A778FD161BCA7200443CE4 /* CoreGraphics.framework */; };
		30A77904161BCA7200443CE4 /* InfoPlist.strings in Resources */ = {isa = PBXBuildFile; fileRef = 30A77902161BCA7200443CE4 /* InfoPlist.strings */; };
		30A77906161BCA7200443CE4 /* main.m in Sources */ = {isa = PBXBuildFile; fileRef = 30A77905161BCA7200443CE4 /* main.m */; };
		30A7790A161BCA7200443CE4 /* BIDAppDelegate.m in Sources */ = {isa = PBXBuildFile; fileRef = 30A77909161BCA7200443CE4 /* BIDAppDelegate.m */; };
		30A77918161BCB4C00443CE4 /* ScanQrCodeViewController.mm in Sources */ = {isa = PBXBuildFile; fileRef = 30A77916161BCB4C00443CE4 /* ScanQrCodeViewController.mm */; };
		30A77919161BCB4C00443CE4 /* MainViewController.xib in Resources */ = {isa = PBXBuildFile; fileRef = 30A77917161BCB4C00443CE4 /* MainViewController.xib */; };
		30A7791D161BCB7500443CE4 /* ScannedItemViewController.mm in Sources */ = {isa = PBXBuildFile; fileRef = 30A7791B161BCB7500443CE4 /* ScannedItemViewController.mm */; };
		30A7791E161BCB7500443CE4 /* ScannedItemView.xib in Resources */ = {isa = PBXBuildFile; fileRef = 30A7791C161BCB7500443CE4 /* ScannedItemView.xib */; };
		30A77926161BD6E300443CE4 /* monalisa.png in Resources */ = {isa = PBXBuildFile; fileRef = 30A77925161BD6E300443CE4 /* monalisa.png */; };
/* End PBXBuildFile section */

/* Begin PBXContainerItemProxy section */
		309A2BAA1652F1E700BD6A41 /* PBXContainerItemProxy */ = {
			isa = PBXContainerItemProxy;
			containerPortal = 309A2BA21652F1E600BD6A41 /* ZXingWidget.xcodeproj */;
			proxyType = 2;
			remoteGlobalIDString = D2AAC07E0554694100DB518D;
			remoteInfo = ZXingWidget;
		};
		309A2BAC1652F1E700BD6A41 /* PBXContainerItemProxy */ = {
			isa = PBXContainerItemProxy;
			containerPortal = 309A2BA21652F1E600BD6A41 /* ZXingWidget.xcodeproj */;
			proxyType = 2;
			remoteGlobalIDString = 1D60398D13DF7CAD006F4B51;
			remoteInfo = ZXingTests;
		};
/* End PBXContainerItemProxy section */

/* Begin PBXFileReference section */
		306732C81652E82500F242E7 /* AddressBook.framework */ = {isa = PBXFileReference; lastKnownFileType = wrapper.framework; name = AddressBook.framework; path = System/Library/Frameworks/AddressBook.framework; sourceTree = SDKROOT; };
		306732C91652E82500F242E7 /* AddressBookUI.framework */ = {isa = PBXFileReference; lastKnownFileType = wrapper.framework; name = AddressBookUI.framework; path = System/Library/Frameworks/AddressBookUI.framework; sourceTree = SDKROOT; };
		306732CA1652E82500F242E7 /* AudioToolbox.framework */ = {isa = PBXFileReference; lastKnownFileType = wrapper.framework; name = AudioToolbox.framework; path = System/Library/Frameworks/AudioToolbox.framework; sourceTree = SDKROOT; };
		306732CB1652E82500F242E7 /* AVFoundation.framework */ = {isa = PBXFileReference; lastKnownFileType = wrapper.framework; name = AVFoundation.framework; path = System/Library/Frameworks/AVFoundation.framework; sourceTree = SDKROOT; };
		306732CC1652E82500F242E7 /* CoreMedia.framework */ = {isa = PBXFileReference; lastKnownFileType = wrapper.framework; name = CoreMedia.framework; path = System/Library/Frameworks/CoreMedia.framework; sourceTree = SDKROOT; };
		306732CD1652E82500F242E7 /* CoreVideo.framework */ = {isa = PBXFileReference; lastKnownFileType = wrapper.framework; name = CoreVideo.framework; path = System/Library/Frameworks/CoreVideo.framework; sourceTree = SDKROOT; };
		306732CE1652E82500F242E7 /* libiconv.dylib */ = {isa = PBXFileReference; lastKnownFileType = "compiled.mach-o.dylib"; name = libiconv.dylib; path = usr/lib/libiconv.dylib; sourceTree = SDKROOT; };
		3078F108164AEA780064B3D3 /* scan.png */ = {isa = PBXFileReference; lastKnownFileType = image.png; path = scan.png; sourceTree = SOURCE_ROOT; };
		3078F10E164AEF940064B3D3 /* lastitemsviewed.png */ = {isa = PBXFileReference; lastKnownFileType = image.png; path = lastitemsviewed.png; sourceTree = SOURCE_ROOT; };
		3078F110164AF47B0064B3D3 /* settings.png */ = {isa = PBXFileReference; lastKnownFileType = image.png; path = settings.png; sourceTree = SOURCE_ROOT; };
		3078F112164AF5BD0064B3D3 /* ScanQrCodeView.xib */ = {isa = PBXFileReference; fileEncoding = 4; lastKnownFileType = file.xib; path = ScanQrCodeView.xib; sourceTree = "<group>"; };
		3078F114164AF77F0064B3D3 /* MainViewController.h */ = {isa = PBXFileReference; fileEncoding = 4; lastKnownFileType = sourcecode.c.h; path = MainViewController.h; sourceTree = "<group>"; };
		3078F115164AF77F0064B3D3 /* MainViewController.m */ = {isa = PBXFileReference; fileEncoding = 4; lastKnownFileType = sourcecode.c.objc; path = MainViewController.m; sourceTree = "<group>"; };
		308296EF166E8F530077FD6A /* logo.png */ = {isa = PBXFileReference; lastKnownFileType = image.png; path = logo.png; sourceTree = "<group>"; };
		309A2BA21652F1E600BD6A41 /* ZXingWidget.xcodeproj */ = {isa = PBXFileReference; lastKnownFileType = "wrapper.pb-project"; name = ZXingWidget.xcodeproj; path = zxing/iphone/ZXingWidget/ZXingWidget.xcodeproj; sourceTree = "<group>"; };
		30A778F5161BCA7200443CE4 /* kesako.app */ = {isa = PBXFileReference; explicitFileType = wrapper.application; includeInIndex = 0; path = kesako.app; sourceTree = BUILT_PRODUCTS_DIR; };
		30A778F9161BCA7200443CE4 /* UIKit.framework */ = {isa = PBXFileReference; lastKnownFileType = wrapper.framework; name = UIKit.framework; path = System/Library/Frameworks/UIKit.framework; sourceTree = SDKROOT; };
		30A778FB161BCA7200443CE4 /* Foundation.framework */ = {isa = PBXFileReference; lastKnownFileType = wrapper.framework; name = Foundation.framework; path = System/Library/Frameworks/Foundation.framework; sourceTree = SDKROOT; };
		30A778FD161BCA7200443CE4 /* CoreGraphics.framework */ = {isa = PBXFileReference; lastKnownFileType = wrapper.framework; name = CoreGraphics.framework; path = System/Library/Frameworks/CoreGraphics.framework; sourceTree = SDKROOT; };
		30A77901161BCA7200443CE4 /* kesako-Info.plist */ = {isa = PBXFileReference; lastKnownFileType = text.plist.xml; path = "kesako-Info.plist"; sourceTree = "<group>"; };
		30A77903161BCA7200443CE4 /* en */ = {isa = PBXFileReference; lastKnownFileType = text.plist.strings; name = en; path = en.lproj/InfoPlist.strings; sourceTree = "<group>"; };
		30A77905161BCA7200443CE4 /* main.m */ = {isa = PBXFileReference; lastKnownFileType = sourcecode.c.objc; path = main.m; sourceTree = "<group>"; };
		30A77907161BCA7200443CE4 /* kesako-Prefix.pch */ = {isa = PBXFileReference; lastKnownFileType = sourcecode.c.h; path = "kesako-Prefix.pch"; sourceTree = "<group>"; };
		30A77908161BCA7200443CE4 /* BIDAppDelegate.h */ = {isa = PBXFileReference; lastKnownFileType = sourcecode.c.h; path = BIDAppDelegate.h; sourceTree = "<group>"; };
		30A77909161BCA7200443CE4 /* BIDAppDelegate.m */ = {isa = PBXFileReference; lastKnownFileType = sourcecode.c.objc; path = BIDAppDelegate.m; sourceTree = "<group>"; };
		30A77915161BCB4C00443CE4 /* ScanQrCodeViewController.h */ = {isa = PBXFileReference; fileEncoding = 4; lastKnownFileType = sourcecode.c.h; path = ScanQrCodeViewController.h; sourceTree = "<group>"; };
		30A77916161BCB4C00443CE4 /* ScanQrCodeViewController.mm */ = {isa = PBXFileReference; fileEncoding = 4; lastKnownFileType = sourcecode.cpp.objcpp; path = ScanQrCodeViewController.mm; sourceTree = "<group>"; };
		30A77917161BCB4C00443CE4 /* MainViewController.xib */ = {isa = PBXFileReference; fileEncoding = 4; lastKnownFileType = file.xib; path = MainViewController.xib; sourceTree = "<group>"; };
		30A7791A161BCB7500443CE4 /* ScannedItemViewController.h */ = {isa = PBXFileReference; fileEncoding = 4; lastKnownFileType = sourcecode.c.h; path = ScannedItemViewController.h; sourceTree = "<group>"; };
		30A7791B161BCB7500443CE4 /* ScannedItemViewController.mm */ = {isa = PBXFileReference; fileEncoding = 4; lastKnownFileType = sourcecode.cpp.objcpp; path = ScannedItemViewController.mm; sourceTree = "<group>"; };
		30A7791C161BCB7500443CE4 /* ScannedItemView.xib */ = {isa = PBXFileReference; fileEncoding = 4; lastKnownFileType = file.xib; path = ScannedItemView.xib; sourceTree = "<group>"; };
		30A77925161BD6E300443CE4 /* monalisa.png */ = {isa = PBXFileReference; lastKnownFileType = image.png; name = monalisa.png; path = ../monalisa.png; sourceTree = "<group>"; };
/* End PBXFileReference section */

/* Begin PBXFrameworksBuildPhase section */
		30A778F2161BCA7200443CE4 /* Frameworks */ = {
			isa = PBXFrameworksBuildPhase;
			buildActionMask = 2147483647;
			files = (
				306732CF1652E82500F242E7 /* AddressBook.framework in Frameworks */,
				306732D01652E82500F242E7 /* AddressBookUI.framework in Frameworks */,
				306732D11652E82500F242E7 /* AudioToolbox.framework in Frameworks */,
				306732D21652E82500F242E7 /* AVFoundation.framework in Frameworks */,
				306732D31652E82500F242E7 /* CoreMedia.framework in Frameworks */,
				306732D41652E82500F242E7 /* CoreVideo.framework in Frameworks */,
				306732D51652E82500F242E7 /* libiconv.dylib in Frameworks */,
				30A778FA161BCA7200443CE4 /* UIKit.framework in Frameworks */,
				30A778FC161BCA7200443CE4 /* Foundation.framework in Frameworks */,
				30A778FE161BCA7200443CE4 /* CoreGraphics.framework in Frameworks */,
			);
			runOnlyForDeploymentPostprocessing = 0;
		};
/* End PBXFrameworksBuildPhase section */

/* Begin PBXGroup section */
		3078F10B164AEA810064B3D3 /* img */ = {
			isa = PBXGroup;
			children = (
				308296EF166E8F530077FD6A /* logo.png */,
				3078F10E164AEF940064B3D3 /* lastitemsviewed.png */,
				3078F108164AEA780064B3D3 /* scan.png */,
				3078F110164AF47B0064B3D3 /* settings.png */,
				30A77925161BD6E300443CE4 /* monalisa.png */,
			);
			name = img;
			sourceTree = "<group>";
		};
		3078F10C164AEA910064B3D3 /* view */ = {
			isa = PBXGroup;
			children = (
				30A7791C161BCB7500443CE4 /* ScannedItemView.xib */,
				30A77917161BCB4C00443CE4 /* MainViewController.xib */,
				3078F112164AF5BD0064B3D3 /* ScanQrCodeView.xib */,
			);
			name = view;
			sourceTree = "<group>";
		};
		3078F10D164AEA970064B3D3 /* controller */ = {
			isa = PBXGroup;
			children = (
				30A77915161BCB4C00443CE4 /* ScanQrCodeViewController.h */,
				30A7791A161BCB7500443CE4 /* ScannedItemViewController.h */,
				30A7791B161BCB7500443CE4 /* ScannedItemViewController.mm */,
				30A77916161BCB4C00443CE4 /* ScanQrCodeViewController.mm */,
				3078F114164AF77F0064B3D3 /* MainViewController.h */,
				3078F115164AF77F0064B3D3 /* MainViewController.m */,
			);
			name = controller;
			sourceTree = "<group>";
		};
		309A2BA31652F1E600BD6A41 /* Products */ = {
			isa = PBXGroup;
			children = (
				309A2BAB1652F1E700BD6A41 /* libZXingWidget.a */,
				309A2BAD1652F1E700BD6A41 /* ZXingTests.octest */,
			);
			name = Products;
			sourceTree = "<group>";
		};
		30A778EA161BCA7200443CE4 = {
			isa = PBXGroup;
			children = (
				309A2BA21652F1E600BD6A41 /* ZXingWidget.xcodeproj */,
				306732C81652E82500F242E7 /* AddressBook.framework */,
				306732C91652E82500F242E7 /* AddressBookUI.framework */,
				306732CA1652E82500F242E7 /* AudioToolbox.framework */,
				306732CB1652E82500F242E7 /* AVFoundation.framework */,
				306732CC1652E82500F242E7 /* CoreMedia.framework */,
				306732CD1652E82500F242E7 /* CoreVideo.framework */,
				306732CE1652E82500F242E7 /* libiconv.dylib */,
				30A778FF161BCA7200443CE4 /* kesako */,
				30A778F8161BCA7200443CE4 /* Frameworks */,
				30A778F6161BCA7200443CE4 /* Products */,
			);
			sourceTree = "<group>";
		};
		30A778F6161BCA7200443CE4 /* Products */ = {
			isa = PBXGroup;
			children = (
				30A778F5161BCA7200443CE4 /* kesako.app */,
			);
			name = Products;
			sourceTree = "<group>";
		};
		30A778F8161BCA7200443CE4 /* Frameworks */ = {
			isa = PBXGroup;
			children = (
				30A778F9161BCA7200443CE4 /* UIKit.framework */,
				30A778FB161BCA7200443CE4 /* Foundation.framework */,
				30A778FD161BCA7200443CE4 /* CoreGraphics.framework */,
			);
			name = Frameworks;
			sourceTree = "<group>";
		};
		30A778FF161BCA7200443CE4 /* kesako */ = {
			isa = PBXGroup;
			children = (
				3078F10D164AEA970064B3D3 /* controller */,
				3078F10C164AEA910064B3D3 /* view */,
				3078F10B164AEA810064B3D3 /* img */,
				30A77908161BCA7200443CE4 /* BIDAppDelegate.h */,
				30A77909161BCA7200443CE4 /* BIDAppDelegate.m */,
				30A77900161BCA7200443CE4 /* Supporting Files */,
			);
			path = kesako;
			sourceTree = "<group>";
		};
		30A77900161BCA7200443CE4 /* Supporting Files */ = {
			isa = PBXGroup;
			children = (
				30A77901161BCA7200443CE4 /* kesako-Info.plist */,
				30A77902161BCA7200443CE4 /* InfoPlist.strings */,
				30A77905161BCA7200443CE4 /* main.m */,
				30A77907161BCA7200443CE4 /* kesako-Prefix.pch */,
			);
			name = "Supporting Files";
			sourceTree = "<group>";
		};
/* End PBXGroup section */

/* Begin PBXNativeTarget section */
		30A778F4161BCA7200443CE4 /* kesako */ = {
			isa = PBXNativeTarget;
			buildConfigurationList = 30A7790D161BCA7200443CE4 /* Build configuration list for PBXNativeTarget "kesako" */;
			buildPhases = (
				30A778F1161BCA7200443CE4 /* Sources */,
				30A778F2161BCA7200443CE4 /* Frameworks */,
				30A778F3161BCA7200443CE4 /* Resources */,
			);
			buildRules = (
			);
			dependencies = (
			);
			name = kesako;
			productName = kesako;
			productReference = 30A778F5161BCA7200443CE4 /* kesako.app */;
			productType = "com.apple.product-type.application";
		};
/* End PBXNativeTarget section */

/* Begin PBXProject section */
		30A778EC161BCA7200443CE4 /* Project object */ = {
			isa = PBXProject;
			attributes = {
				CLASSPREFIX = BID;
				LastUpgradeCheck = 0440;
				ORGANIZATIONNAME = URI;
			};
			buildConfigurationList = 30A778EF161BCA7200443CE4 /* Build configuration list for PBXProject "kesako" */;
			compatibilityVersion = "Xcode 3.2";
			developmentRegion = English;
			hasScannedForEncodings = 0;
			knownRegions = (
				en,
			);
			mainGroup = 30A778EA161BCA7200443CE4;
			productRefGroup = 30A778F6161BCA7200443CE4 /* Products */;
			projectDirPath = "";
			projectReferences = (
				{
					ProductGroup = 309A2BA31652F1E600BD6A41 /* Products */;
					ProjectRef = 309A2BA21652F1E600BD6A41 /* ZXingWidget.xcodeproj */;
				},
			);
			projectRoot = "";
			targets = (
				30A778F4161BCA7200443CE4 /* kesako */,
			);
		};
/* End PBXProject section */

/* Begin PBXReferenceProxy section */
		309A2BAB1652F1E700BD6A41 /* libZXingWidget.a */ = {
			isa = PBXReferenceProxy;
			fileType = archive.ar;
			path = libZXingWidget.a;
			remoteRef = 309A2BAA1652F1E700BD6A41 /* PBXContainerItemProxy */;
			sourceTree = BUILT_PRODUCTS_DIR;
		};
		309A2BAD1652F1E700BD6A41 /* ZXingTests.octest */ = {
			isa = PBXReferenceProxy;
			fileType = wrapper.cfbundle;
			path = ZXingTests.octest;
			remoteRef = 309A2BAC1652F1E700BD6A41 /* PBXContainerItemProxy */;
			sourceTree = BUILT_PRODUCTS_DIR;
		};
/* End PBXReferenceProxy section */

/* Begin PBXResourcesBuildPhase section */
		30A778F3161BCA7200443CE4 /* Resources */ = {
			isa = PBXResourcesBuildPhase;
			buildActionMask = 2147483647;
			files = (
				30A77904161BCA7200443CE4 /* InfoPlist.strings in Resources */,
				30A77919161BCB4C00443CE4 /* MainViewController.xib in Resources */,
				30A7791E161BCB7500443CE4 /* ScannedItemView.xib in Resources */,
				30A77926161BD6E300443CE4 /* monalisa.png in Resources */,
				3078F109164AEA780064B3D3 /* scan.png in Resources */,
				3078F10F164AEF940064B3D3 /* lastitemsviewed.png in Resources */,
				3078F111164AF47B0064B3D3 /* settings.png in Resources */,
				3078F113164AF5BD0064B3D3 /* ScanQrCodeView.xib in Resources */,
				308296F0166E8F530077FD6A /* logo.png in Resources */,
			);
			runOnlyForDeploymentPostprocessing = 0;
		};
/* End PBXResourcesBuildPhase section */

/* Begin PBXSourcesBuildPhase section */
		30A778F1161BCA7200443CE4 /* Sources */ = {
			isa = PBXSourcesBuildPhase;
			buildActionMask = 2147483647;
			files = (
				30A77906161BCA7200443CE4 /* main.m in Sources */,
				30A7790A161BCA7200443CE4 /* BIDAppDelegate.m in Sources */,
				30A77918161BCB4C00443CE4 /* ScanQrCodeViewController.mm in Sources */,
				30A7791D161BCB7500443CE4 /* ScannedItemViewController.mm in Sources */,
				3078F116164AF77F0064B3D3 /* MainViewController.m in Sources */,
			);
			runOnlyForDeploymentPostprocessing = 0;
		};
/* End PBXSourcesBuildPhase section */

/* Begin PBXVariantGroup section */
		30A77902161BCA7200443CE4 /* InfoPlist.strings */ = {
			isa = PBXVariantGroup;
			children = (
				30A77903161BCA7200443CE4 /* en */,
			);
			name = InfoPlist.strings;
			sourceTree = "<group>";
		};
/* End PBXVariantGroup section */

/* Begin XCBuildConfiguration section */
		30A7790B161BCA7200443CE4 /* Debug */ = {
			isa = XCBuildConfiguration;
			buildSettings = {
				ALWAYS_SEARCH_USER_PATHS = NO;
				ARCHS = "$(ARCHS_STANDARD_32_BIT)";
				CLANG_CXX_LANGUAGE_STANDARD = "gnu++0x";
				CLANG_ENABLE_OBJC_ARC = YES;
				CLANG_WARN__DUPLICATE_METHOD_MATCH = YES;
				"CODE_SIGN_IDENTITY[sdk=iphoneos*]" = "iPhone Developer";
				COPY_PHASE_STRIP = NO;
				GCC_C_LANGUAGE_STANDARD = gnu99;
				GCC_DYNAMIC_NO_PIC = NO;
				GCC_OPTIMIZATION_LEVEL = 0;
				GCC_PREPROCESSOR_DEFINITIONS = (
					"DEBUG=1",
					"$(inherited)",
				);
				GCC_SYMBOLS_PRIVATE_EXTERN = NO;
				GCC_VERSION = com.apple.compilers.llvm.clang.1_0;
				GCC_WARN_ABOUT_RETURN_TYPE = YES;
				GCC_WARN_UNINITIALIZED_AUTOS = YES;
				GCC_WARN_UNUSED_VARIABLE = YES;
				IPHONEOS_DEPLOYMENT_TARGET = 5.1;
				SDKROOT = iphoneos;
			};
			name = Debug;
		};
		30A7790C161BCA7200443CE4 /* Release */ = {
			isa = XCBuildConfiguration;
			buildSettings = {
				ALWAYS_SEARCH_USER_PATHS = NO;
				ARCHS = "$(ARCHS_STANDARD_32_BIT)";
				CLANG_CXX_LANGUAGE_STANDARD = "gnu++0x";
				CLANG_ENABLE_OBJC_ARC = YES;
				CLANG_WARN__DUPLICATE_METHOD_MATCH = YES;
				"CODE_SIGN_IDENTITY[sdk=iphoneos*]" = "iPhone Developer";
				COPY_PHASE_STRIP = YES;
				GCC_C_LANGUAGE_STANDARD = gnu99;
				GCC_VERSION = com.apple.compilers.llvm.clang.1_0;
				GCC_WARN_ABOUT_RETURN_TYPE = YES;
				GCC_WARN_UNINITIALIZED_AUTOS = YES;
				GCC_WARN_UNUSED_VARIABLE = YES;
				IPHONEOS_DEPLOYMENT_TARGET = 5.1;
				OTHER_CFLAGS = "-DNS_BLOCK_ASSERTIONS=1";
				SDKROOT = iphoneos;
				VALIDATE_PRODUCT = YES;
			};
			name = Release;
		};
		30A7790E161BCA7200443CE4 /* Debug */ = {
			isa = XCBuildConfiguration;
			buildSettings = {
				GCC_PRECOMPILE_PREFIX_HEADER = YES;
				GCC_PREFIX_HEADER = "kesako/kesako-Prefix.pch";
				HEADER_SEARCH_PATHS = (
					zxing/cpp/core/src/,
					"zxing/iphone/ZXingWidget/Classes/**",
				);
				INFOPLIST_FILE = "kesako/kesako-Info.plist";
				PRODUCT_NAME = "$(TARGET_NAME)";
				WRAPPER_EXTENSION = app;
			};
			name = Debug;
		};
		30A7790F161BCA7200443CE4 /* Release */ = {
			isa = XCBuildConfiguration;
			buildSettings = {
				GCC_PRECOMPILE_PREFIX_HEADER = YES;
				GCC_PREFIX_HEADER = "kesako/kesako-Prefix.pch";
				HEADER_SEARCH_PATHS = (
					zxing/cpp/core/src/,
					"zxing/iphone/ZXingWidget/Classes/**",
				);
				INFOPLIST_FILE = "kesako/kesako-Info.plist";
				PRODUCT_NAME = "$(TARGET_NAME)";
				WRAPPER_EXTENSION = app;
			};
			name = Release;
		};
/* End XCBuildConfiguration section */

/* Begin XCConfigurationList section */
		30A778EF161BCA7200443CE4 /* Build configuration list for PBXProject "kesako" */ = {
			isa = XCConfigurationList;
			buildConfigurations = (
				30A7790B161BCA7200443CE4 /* Debug */,
				30A7790C161BCA7200443CE4 /* Release */,
			);
			defaultConfigurationIsVisible = 0;
			defaultConfigurationName = Release;
		};
		30A7790D161BCA7200443CE4 /* Build configuration list for PBXNativeTarget "kesako" */ = {
			isa = XCConfigurationList;
			buildConfigurations = (
				30A7790E161BCA7200443CE4 /* Debug */,
				30A7790F161BCA7200443CE4 /* Release */,
			);
			defaultConfigurationIsVisible = 0;
			defaultConfigurationName = Release;
		};
/* End XCConfigurationList section */
	};
	rootObject = 30A778EC161BCA7200443CE4 /* Project object */;
}
