// !$*UTF8*$!
{
	archiveVersion = 1;
	classes = {
	};
	objectVersion = 46;
	objects = {

/* Begin PBXBuildFile section */
		30A7789D161BBC8200443CE4 /* UIKit.framework in Frameworks */ = {isa = PBXBuildFile; fileRef = 30A7789C161BBC8200443CE4 /* UIKit.framework */; };
		30A7789F161BBC8200443CE4 /* Foundation.framework in Frameworks */ = {isa = PBXBuildFile; fileRef = 30A7789E161BBC8200443CE4 /* Foundation.framework */; };
		30A778A1161BBC8200443CE4 /* CoreGraphics.framework in Frameworks */ = {isa = PBXBuildFile; fileRef = 30A778A0161BBC8200443CE4 /* CoreGraphics.framework */; };
		30A778A7161BBC8200443CE4 /* InfoPlist.strings in Resources */ = {isa = PBXBuildFile; fileRef = 30A778A5161BBC8200443CE4 /* InfoPlist.strings */; };
		30A778A9161BBC8200443CE4 /* main.m in Sources */ = {isa = PBXBuildFile; fileRef = 30A778A8161BBC8200443CE4 /* main.m */; };
		30A778AD161BBC8200443CE4 /* BIDAppDelegate.m in Sources */ = {isa = PBXBuildFile; fileRef = 30A778AC161BBC8200443CE4 /* BIDAppDelegate.m */; };
		30A778B0161BBC8200443CE4 /* BIDViewController.m in Sources */ = {isa = PBXBuildFile; fileRef = 30A778AF161BBC8200443CE4 /* BIDViewController.m */; };
		30A778B3161BBC8200443CE4 /* BIDViewController.xib in Resources */ = {isa = PBXBuildFile; fileRef = 30A778B1161BBC8200443CE4 /* BIDViewController.xib */; };
/* End PBXBuildFile section */

/* Begin PBXFileReference section */
		30A77898161BBC8200443CE4 /* kesako.app */ = {isa = PBXFileReference; explicitFileType = wrapper.application; includeInIndex = 0; path = kesako.app; sourceTree = BUILT_PRODUCTS_DIR; };
		30A7789C161BBC8200443CE4 /* UIKit.framework */ = {isa = PBXFileReference; lastKnownFileType = wrapper.framework; name = UIKit.framework; path = System/Library/Frameworks/UIKit.framework; sourceTree = SDKROOT; };
		30A7789E161BBC8200443CE4 /* Foundation.framework */ = {isa = PBXFileReference; lastKnownFileType = wrapper.framework; name = Foundation.framework; path = System/Library/Frameworks/Foundation.framework; sourceTree = SDKROOT; };
		30A778A0161BBC8200443CE4 /* CoreGraphics.framework */ = {isa = PBXFileReference; lastKnownFileType = wrapper.framework; name = CoreGraphics.framework; path = System/Library/Frameworks/CoreGraphics.framework; sourceTree = SDKROOT; };
		30A778A4161BBC8200443CE4 /* kesako-Info.plist */ = {isa = PBXFileReference; lastKnownFileType = text.plist.xml; path = "kesako-Info.plist"; sourceTree = "<group>"; };
		30A778A6161BBC8200443CE4 /* en */ = {isa = PBXFileReference; lastKnownFileType = text.plist.strings; name = en; path = en.lproj/InfoPlist.strings; sourceTree = "<group>"; };
		30A778A8161BBC8200443CE4 /* main.m */ = {isa = PBXFileReference; lastKnownFileType = sourcecode.c.objc; path = main.m; sourceTree = "<group>"; };
		30A778AA161BBC8200443CE4 /* kesako-Prefix.pch */ = {isa = PBXFileReference; lastKnownFileType = sourcecode.c.h; path = "kesako-Prefix.pch"; sourceTree = "<group>"; };
		30A778AB161BBC8200443CE4 /* BIDAppDelegate.h */ = {isa = PBXFileReference; lastKnownFileType = sourcecode.c.h; path = BIDAppDelegate.h; sourceTree = "<group>"; };
		30A778AC161BBC8200443CE4 /* BIDAppDelegate.m */ = {isa = PBXFileReference; lastKnownFileType = sourcecode.c.objc; path = BIDAppDelegate.m; sourceTree = "<group>"; };
		30A778AE161BBC8200443CE4 /* BIDViewController.h */ = {isa = PBXFileReference; lastKnownFileType = sourcecode.c.h; path = BIDViewController.h; sourceTree = "<group>"; };
		30A778AF161BBC8200443CE4 /* BIDViewController.m */ = {isa = PBXFileReference; lastKnownFileType = sourcecode.c.objc; path = BIDViewController.m; sourceTree = "<group>"; };
		30A778B2161BBC8200443CE4 /* en */ = {isa = PBXFileReference; lastKnownFileType = file.xib; name = en; path = en.lproj/BIDViewController.xib; sourceTree = "<group>"; };
/* End PBXFileReference section */

/* Begin PBXFrameworksBuildPhase section */
		30A77895161BBC8200443CE4 /* Frameworks */ = {
			isa = PBXFrameworksBuildPhase;
			buildActionMask = 2147483647;
			files = (
				30A7789D161BBC8200443CE4 /* UIKit.framework in Frameworks */,
				30A7789F161BBC8200443CE4 /* Foundation.framework in Frameworks */,
				30A778A1161BBC8200443CE4 /* CoreGraphics.framework in Frameworks */,
			);
			runOnlyForDeploymentPostprocessing = 0;
		};
/* End PBXFrameworksBuildPhase section */

/* Begin PBXGroup section */
		30A7788D161BBC8200443CE4 = {
			isa = PBXGroup;
			children = (
				30A778A2161BBC8200443CE4 /* kesako */,
				30A7789B161BBC8200443CE4 /* Frameworks */,
				30A77899161BBC8200443CE4 /* Products */,
			);
			sourceTree = "<group>";
		};
		30A77899161BBC8200443CE4 /* Products */ = {
			isa = PBXGroup;
			children = (
				30A77898161BBC8200443CE4 /* kesako.app */,
			);
			name = Products;
			sourceTree = "<group>";
		};
		30A7789B161BBC8200443CE4 /* Frameworks */ = {
			isa = PBXGroup;
			children = (
				30A7789C161BBC8200443CE4 /* UIKit.framework */,
				30A7789E161BBC8200443CE4 /* Foundation.framework */,
				30A778A0161BBC8200443CE4 /* CoreGraphics.framework */,
			);
			name = Frameworks;
			sourceTree = "<group>";
		};
		30A778A2161BBC8200443CE4 /* kesako */ = {
			isa = PBXGroup;
			children = (
				30A778AB161BBC8200443CE4 /* BIDAppDelegate.h */,
				30A778AC161BBC8200443CE4 /* BIDAppDelegate.m */,
				30A778AE161BBC8200443CE4 /* BIDViewController.h */,
				30A778AF161BBC8200443CE4 /* BIDViewController.m */,
				30A778B1161BBC8200443CE4 /* BIDViewController.xib */,
				30A778A3161BBC8200443CE4 /* Supporting Files */,
			);
			path = kesako;
			sourceTree = "<group>";
		};
		30A778A3161BBC8200443CE4 /* Supporting Files */ = {
			isa = PBXGroup;
			children = (
				30A778A4161BBC8200443CE4 /* kesako-Info.plist */,
				30A778A5161BBC8200443CE4 /* InfoPlist.strings */,
				30A778A8161BBC8200443CE4 /* main.m */,
				30A778AA161BBC8200443CE4 /* kesako-Prefix.pch */,
			);
			name = "Supporting Files";
			sourceTree = "<group>";
		};
/* End PBXGroup section */

/* Begin PBXNativeTarget section */
		30A77897161BBC8200443CE4 /* kesako */ = {
			isa = PBXNativeTarget;
			buildConfigurationList = 30A778B6161BBC8200443CE4 /* Build configuration list for PBXNativeTarget "kesako" */;
			buildPhases = (
				30A77894161BBC8200443CE4 /* Sources */,
				30A77895161BBC8200443CE4 /* Frameworks */,
				30A77896161BBC8200443CE4 /* Resources */,
			);
			buildRules = (
			);
			dependencies = (
			);
			name = kesako;
			productName = kesako;
			productReference = 30A77898161BBC8200443CE4 /* kesako.app */;
			productType = "com.apple.product-type.application";
		};
/* End PBXNativeTarget section */

/* Begin PBXProject section */
		30A7788F161BBC8200443CE4 /* Project object */ = {
			isa = PBXProject;
			attributes = {
				CLASSPREFIX = BID;
				LastUpgradeCheck = 0440;
				ORGANIZATIONNAME = URI;
			};
			buildConfigurationList = 30A77892161BBC8200443CE4 /* Build configuration list for PBXProject "kesako" */;
			compatibilityVersion = "Xcode 3.2";
			developmentRegion = English;
			hasScannedForEncodings = 0;
			knownRegions = (
				en,
			);
			mainGroup = 30A7788D161BBC8200443CE4;
			productRefGroup = 30A77899161BBC8200443CE4 /* Products */;
			projectDirPath = "";
			projectRoot = "";
			targets = (
				30A77897161BBC8200443CE4 /* kesako */,
			);
		};
/* End PBXProject section */

/* Begin PBXResourcesBuildPhase section */
		30A77896161BBC8200443CE4 /* Resources */ = {
			isa = PBXResourcesBuildPhase;
			buildActionMask = 2147483647;
			files = (
				30A778A7161BBC8200443CE4 /* InfoPlist.strings in Resources */,
				30A778B3161BBC8200443CE4 /* BIDViewController.xib in Resources */,
			);
			runOnlyForDeploymentPostprocessing = 0;
		};
/* End PBXResourcesBuildPhase section */

/* Begin PBXSourcesBuildPhase section */
		30A77894161BBC8200443CE4 /* Sources */ = {
			isa = PBXSourcesBuildPhase;
			buildActionMask = 2147483647;
			files = (
				30A778A9161BBC8200443CE4 /* main.m in Sources */,
				30A778AD161BBC8200443CE4 /* BIDAppDelegate.m in Sources */,
				30A778B0161BBC8200443CE4 /* BIDViewController.m in Sources */,
			);
			runOnlyForDeploymentPostprocessing = 0;
		};
/* End PBXSourcesBuildPhase section */

/* Begin PBXVariantGroup section */
		30A778A5161BBC8200443CE4 /* InfoPlist.strings */ = {
			isa = PBXVariantGroup;
			children = (
				30A778A6161BBC8200443CE4 /* en */,
			);
			name = InfoPlist.strings;
			sourceTree = "<group>";
		};
		30A778B1161BBC8200443CE4 /* BIDViewController.xib */ = {
			isa = PBXVariantGroup;
			children = (
				30A778B2161BBC8200443CE4 /* en */,
			);
			name = BIDViewController.xib;
			sourceTree = "<group>";
		};
/* End PBXVariantGroup section */

/* Begin XCBuildConfiguration section */
		30A778B4161BBC8200443CE4 /* Debug */ = {
			isa = XCBuildConfiguration;
			buildSettings = {
				ALWAYS_SEARCH_USER_PATHS = NO;
				ARCHS = "$(ARCHS_STANDARD_32_BIT)";
				CLANG_CXX_LANGUAGE_STANDARD = "gnu++0x";
				CLANG_ENABLE_OBJC_ARC = YES;
				CLANG_WARN__DUPLICATE_METHOD_MATCH = YES;
				"CODE_SIGN_IDENTITY[sdk=iphoneos*]" = "iPhone Developer";
				COPY_PHASE_STRIP = NO;
				GCC_C_LANGUAGE_STANDARD = gnu99;
				GCC_DYNAMIC_NO_PIC = NO;
				GCC_OPTIMIZATION_LEVEL = 0;
				GCC_PREPROCESSOR_DEFINITIONS = (
					"DEBUG=1",
					"$(inherited)",
				);
				GCC_SYMBOLS_PRIVATE_EXTERN = NO;
				GCC_VERSION = com.apple.compilers.llvm.clang.1_0;
				GCC_WARN_ABOUT_RETURN_TYPE = YES;
				GCC_WARN_UNINITIALIZED_AUTOS = YES;
				GCC_WARN_UNUSED_VARIABLE = YES;
				IPHONEOS_DEPLOYMENT_TARGET = 5.1;
				SDKROOT = iphoneos;
			};
			name = Debug;
		};
		30A778B5161BBC8200443CE4 /* Release */ = {
			isa = XCBuildConfiguration;
			buildSettings = {
				ALWAYS_SEARCH_USER_PATHS = NO;
				ARCHS = "$(ARCHS_STANDARD_32_BIT)";
				CLANG_CXX_LANGUAGE_STANDARD = "gnu++0x";
				CLANG_ENABLE_OBJC_ARC = YES;
				CLANG_WARN__DUPLICATE_METHOD_MATCH = YES;
				"CODE_SIGN_IDENTITY[sdk=iphoneos*]" = "iPhone Developer";
				COPY_PHASE_STRIP = YES;
				GCC_C_LANGUAGE_STANDARD = gnu99;
				GCC_VERSION = com.apple.compilers.llvm.clang.1_0;
				GCC_WARN_ABOUT_RETURN_TYPE = YES;
				GCC_WARN_UNINITIALIZED_AUTOS = YES;
				GCC_WARN_UNUSED_VARIABLE = YES;
				IPHONEOS_DEPLOYMENT_TARGET = 5.1;
				OTHER_CFLAGS = "-DNS_BLOCK_ASSERTIONS=1";
				SDKROOT = iphoneos;
				VALIDATE_PRODUCT = YES;
			};
			name = Release;
		};
		30A778B7161BBC8200443CE4 /* Debug */ = {
			isa = XCBuildConfiguration;
			buildSettings = {
				GCC_PRECOMPILE_PREFIX_HEADER = YES;
				GCC_PREFIX_HEADER = "kesako/kesako-Prefix.pch";
				INFOPLIST_FILE = "kesako/kesako-Info.plist";
				PRODUCT_NAME = "$(TARGET_NAME)";
				WRAPPER_EXTENSION = app;
			};
			name = Debug;
		};
		30A778B8161BBC8200443CE4 /* Release */ = {
			isa = XCBuildConfiguration;
			buildSettings = {
				GCC_PRECOMPILE_PREFIX_HEADER = YES;
				GCC_PREFIX_HEADER = "kesako/kesako-Prefix.pch";
				INFOPLIST_FILE = "kesako/kesako-Info.plist";
				PRODUCT_NAME = "$(TARGET_NAME)";
				WRAPPER_EXTENSION = app;
			};
			name = Release;
		};
/* End XCBuildConfiguration section */

/* Begin XCConfigurationList section */
		30A77892161BBC8200443CE4 /* Build configuration list for PBXProject "kesako" */ = {
			isa = XCConfigurationList;
			buildConfigurations = (
				30A778B4161BBC8200443CE4 /* Debug */,
				30A778B5161BBC8200443CE4 /* Release */,
			);
			defaultConfigurationIsVisible = 0;
			defaultConfigurationName = Release;
		};
		30A778B6161BBC8200443CE4 /* Build configuration list for PBXNativeTarget "kesako" */ = {
			isa = XCConfigurationList;
			buildConfigurations = (
				30A778B7161BBC8200443CE4 /* Debug */,
				30A778B8161BBC8200443CE4 /* Release */,
			);
			defaultConfigurationIsVisible = 0;
		};
/* End XCConfigurationList section */
	};
	rootObject = 30A7788F161BBC8200443CE4 /* Project object */;
}
